
Microsoft Visual Studio Solution File, Format Version 12.00
# Visual Studio Version 17
VisualStudioVersion = 17.0.32014.148
MinimumVisualStudioVersion = 10.0.40219.1
Project("{FAE04EC0-301F-11D3-BF4B-00C04F79EFBC}") = "GamblingSimulator", "GamblingSimulator\GamblingSimulator.csproj", "{5363915B-4863-43EA-8A91-7E9230E8EA48}"
EndProject
Global
	GlobalSection(SolutionConfigurationPlatforms) = preSolution
		Debug|Any CPU = Debug|Any CPU
		Release|Any CPU = Release|Any CPU
	EndGlobalSection
	GlobalSection(ProjectConfigurationPlatforms) = postSolution
		{5363915B-4863-43EA-8A91-7E9230E8EA48}.Debug|Any CPU.ActiveCfg = Debug|Any CPU
		{5363915B-4863-43EA-8A91-7E9230E8EA48}.Debug|Any CPU.Build.0 = Debug|Any CPU
		{5363915B-4863-43EA-8A91-7E9230E8EA48}.Release|Any CPU.ActiveCfg = Release|Any CPU
		{5363915B-4863-43EA-8A91-7E9230E8EA48}.Release|Any CPU.Build.0 = Release|Any CPU
	EndGlobalSection
	GlobalSection(SolutionProperties) = preSolution
		HideSolutionNode = FALSE
	EndGlobalSection
	GlobalSection(ExtensibilityGlobals) = postSolution
		SolutionGuid = {D0268D2D-ED76-46CF-9CF5-049E906CF4E9}
	EndGlobalSection
EndGlobal
